
Microsoft Visual Studio Solution File, Format Version 12.00
# Visual Studio Version 16
VisualStudioVersion = 16.0.31702.278
MinimumVisualStudioVersion = 10.0.40219.1
Project("{FAE04EC0-301F-11D3-BF4B-00C04F79EFBC}") = "ISMPrakt02", "ISMPrakt02\ISMPrakt02.csproj", "{8AFBFE72-2536-4698-9E8A-A4A1B84BA66D}"
EndProject
Global
	GlobalSection(SolutionConfigurationPlatforms) = preSolution
		Debug|Any CPU = Debug|Any CPU
		Release|Any CPU = Release|Any CPU
	EndGlobalSection
	GlobalSection(ProjectConfigurationPlatforms) = postSolution
		{8AFBFE72-2536-4698-9E8A-A4A1B84BA66D}.Debug|Any CPU.ActiveCfg = Debug|Any CPU
		{8AFBFE72-2536-4698-9E8A-A4A1B84BA66D}.Debug|Any CPU.Build.0 = Debug|Any CPU
		{8AFBFE72-2536-4698-9E8A-A4A1B84BA66D}.Release|Any CPU.ActiveCfg = Release|Any CPU
		{8AFBFE72-2536-4698-9E8A-A4A1B84BA66D}.Release|Any CPU.Build.0 = Release|Any CPU
	EndGlobalSection
	GlobalSection(SolutionProperties) = preSolution
		HideSolutionNode = FALSE
	EndGlobalSection
	GlobalSection(ExtensibilityGlobals) = postSolution
		SolutionGuid = {B17992AE-AA2A-43FB-BAF1-10FAD3382065}
	EndGlobalSection
EndGlobal
